
Microsoft Visual Studio Solution File, Format Version 12.00
# Visual Studio Version 16
VisualStudioVersion = 16.0.31019.35
MinimumVisualStudioVersion = 10.0.40219.1
Project("{FAE04EC0-301F-11D3-BF4B-00C04F79EFBC}") = "TicTacToe Multiplayer", "TicTacToe Multiplayer\TicTacToe Multiplayer.csproj", "{3051071A-BC4C-45C9-AD65-A896FF4D04BB}"
EndProject
Global
	GlobalSection(SolutionConfigurationPlatforms) = preSolution
		Debug|Any CPU = Debug|Any CPU
		Release|Any CPU = Release|Any CPU
	EndGlobalSection
	GlobalSection(ProjectConfigurationPlatforms) = postSolution
		{3051071A-BC4C-45C9-AD65-A896FF4D04BB}.Debug|Any CPU.ActiveCfg = Debug|Any CPU
		{3051071A-BC4C-45C9-AD65-A896FF4D04BB}.Debug|Any CPU.Build.0 = Debug|Any CPU
		{3051071A-BC4C-45C9-AD65-A896FF4D04BB}.Release|Any CPU.ActiveCfg = Release|Any CPU
		{3051071A-BC4C-45C9-AD65-A896FF4D04BB}.Release|Any CPU.Build.0 = Release|Any CPU
	EndGlobalSection
	GlobalSection(SolutionProperties) = preSolution
		HideSolutionNode = FALSE
	EndGlobalSection
	GlobalSection(ExtensibilityGlobals) = postSolution
		SolutionGuid = {BAD0D85D-C492-48E9-BC0A-D5928852B392}
	EndGlobalSection
EndGlobal
