
Microsoft Visual Studio Solution File, Format Version 12.00
# Visual Studio Version 16
VisualStudioVersion = 16.0.31019.35
MinimumVisualStudioVersion = 10.0.40219.1
Project("{FAE04EC0-301F-11D3-BF4B-00C04F79EFBC}") = "TicTacToe Jugador vs Jugador", "TicTacToe Jugador vs Jugador\TicTacToe Jugador vs Jugador.csproj", "{9BCC34B2-5195-4CAC-800B-561A2BFDF6B8}"
EndProject
Global
	GlobalSection(SolutionConfigurationPlatforms) = preSolution
		Debug|Any CPU = Debug|Any CPU
		Release|Any CPU = Release|Any CPU
	EndGlobalSection
	GlobalSection(ProjectConfigurationPlatforms) = postSolution
		{9BCC34B2-5195-4CAC-800B-561A2BFDF6B8}.Debug|Any CPU.ActiveCfg = Debug|Any CPU
		{9BCC34B2-5195-4CAC-800B-561A2BFDF6B8}.Debug|Any CPU.Build.0 = Debug|Any CPU
		{9BCC34B2-5195-4CAC-800B-561A2BFDF6B8}.Release|Any CPU.ActiveCfg = Release|Any CPU
		{9BCC34B2-5195-4CAC-800B-561A2BFDF6B8}.Release|Any CPU.Build.0 = Release|Any CPU
	EndGlobalSection
	GlobalSection(SolutionProperties) = preSolution
		HideSolutionNode = FALSE
	EndGlobalSection
	GlobalSection(ExtensibilityGlobals) = postSolution
		SolutionGuid = {9D194023-C347-4BDE-9080-B31CEA29C2D3}
	EndGlobalSection
EndGlobal
